// !$*UTF8*$!
{
	archiveVersion = 1;
	classes = {
	};
	objectVersion = 50;
	objects = {

/* Begin PBXBuildFile section */
		1E85170D23EB8E8900549B6D /* AppDelegate.swift in Sources */ = {isa = PBXBuildFile; fileRef = 1E85170C23EB8E8900549B6D /* AppDelegate.swift */; };
		1E85170F23EB8E8900549B6D /* SceneDelegate.swift in Sources */ = {isa = PBXBuildFile; fileRef = 1E85170E23EB8E8900549B6D /* SceneDelegate.swift */; };
		1E85171123EB8E8900549B6D /* ContentView.swift in Sources */ = {isa = PBXBuildFile; fileRef = 1E85171023EB8E8900549B6D /* ContentView.swift */; };
		1E85171323EB8E8D00549B6D /* Assets.xcassets in Resources */ = {isa = PBXBuildFile; fileRef = 1E85171223EB8E8D00549B6D /* Assets.xcassets */; };
		1E85171623EB8E8D00549B6D /* Preview Assets.xcassets in Resources */ = {isa = PBXBuildFile; fileRef = 1E85171523EB8E8D00549B6D /* Preview Assets.xcassets */; };
		1E85171923EB8E8D00549B6D /* LaunchScreen.storyboard in Resources */ = {isa = PBXBuildFile; fileRef = 1E85171723EB8E8D00549B6D /* LaunchScreen.storyboard */; };
		1E85172223EB90A000549B6D /* NetworkManager.swift in Sources */ = {isa = PBXBuildFile; fileRef = 1E85172123EB90A000549B6D /* NetworkManager.swift */; };
		1E85172423EB92F600549B6D /* PostData.swift in Sources */ = {isa = PBXBuildFile; fileRef = 1E85172323EB92F600549B6D /* PostData.swift */; };
		1E85172723EB9AC700549B6D /* DetailView.swift in Sources */ = {isa = PBXBuildFile; fileRef = 1E85172623EB9AC700549B6D /* DetailView.swift */; };
/* End PBXBuildFile section */

/* Begin PBXFileReference section */
		1E85170923EB8E8900549B6D /* HackerNews.app */ = {isa = PBXFileReference; explicitFileType = wrapper.application; includeInIndex = 0; path = HackerNews.app; sourceTree = BUILT_PRODUCTS_DIR; };
		1E85170C23EB8E8900549B6D /* AppDelegate.swift */ = {isa = PBXFileReference; lastKnownFileType = sourcecode.swift; path = AppDelegate.swift; sourceTree = "<group>"; };
		1E85170E23EB8E8900549B6D /* SceneDelegate.swift */ = {isa = PBXFileReference; lastKnownFileType = sourcecode.swift; path = SceneDelegate.swift; sourceTree = "<group>"; };
		1E85171023EB8E8900549B6D /* ContentView.swift */ = {isa = PBXFileReference; lastKnownFileType = sourcecode.swift; path = ContentView.swift; sourceTree = "<group>"; };
		1E85171223EB8E8D00549B6D /* Assets.xcassets */ = {isa = PBXFileReference; lastKnownFileType = folder.assetcatalog; path = Assets.xcassets; sourceTree = "<group>"; };
		1E85171523EB8E8D00549B6D /* Preview Assets.xcassets */ = {isa = PBXFileReference; lastKnownFileType = folder.assetcatalog; path = "Preview Assets.xcassets"; sourceTree = "<group>"; };
		1E85171823EB8E8D00549B6D /* Base */ = {isa = PBXFileReference; lastKnownFileType = file.storyboard; name = Base; path = Base.lproj/LaunchScreen.storyboard; sourceTree = "<group>"; };
		1E85171A23EB8E8D00549B6D /* Info.plist */ = {isa = PBXFileReference; lastKnownFileType = text.plist.xml; path = Info.plist; sourceTree = "<group>"; };
		1E85172123EB90A000549B6D /* NetworkManager.swift */ = {isa = PBXFileReference; lastKnownFileType = sourcecode.swift; path = NetworkManager.swift; sourceTree = "<group>"; };
		1E85172323EB92F600549B6D /* PostData.swift */ = {isa = PBXFileReference; lastKnownFileType = sourcecode.swift; path = PostData.swift; sourceTree = "<group>"; };
		1E85172623EB9AC700549B6D /* DetailView.swift */ = {isa = PBXFileReference; lastKnownFileType = sourcecode.swift; path = DetailView.swift; sourceTree = "<group>"; };
/* End PBXFileReference section */

/* Begin PBXFrameworksBuildPhase section */
		1E85170623EB8E8900549B6D /* Frameworks */ = {
			isa = PBXFrameworksBuildPhase;
			buildActionMask = 2147483647;
			files = (
			);
			runOnlyForDeploymentPostprocessing = 0;
		};
/* End PBXFrameworksBuildPhase section */

/* Begin PBXGroup section */
		1E85170023EB8E8900549B6D = {
			isa = PBXGroup;
			children = (
				1E85170B23EB8E8900549B6D /* HackerNews */,
				1E85170A23EB8E8900549B6D /* Products */,
			);
			sourceTree = "<group>";
		};
		1E85170A23EB8E8900549B6D /* Products */ = {
			isa = PBXGroup;
			children = (
				1E85170923EB8E8900549B6D /* HackerNews.app */,
			);
			name = Products;
			sourceTree = "<group>";
		};
		1E85170B23EB8E8900549B6D /* HackerNews */ = {
			isa = PBXGroup;
			children = (
				1E85172523EB9A9100549B6D /* Views */,
				1E85172023EB906C00549B6D /* Models */,
				1E85170C23EB8E8900549B6D /* AppDelegate.swift */,
				1E85170E23EB8E8900549B6D /* SceneDelegate.swift */,
				1E85171223EB8E8D00549B6D /* Assets.xcassets */,
				1E85171723EB8E8D00549B6D /* LaunchScreen.storyboard */,
				1E85171A23EB8E8D00549B6D /* Info.plist */,
				1E85171423EB8E8D00549B6D /* Preview Content */,
			);
			path = HackerNews;
			sourceTree = "<group>";
		};
		1E85171423EB8E8D00549B6D /* Preview Content */ = {
			isa = PBXGroup;
			children = (
				1E85171523EB8E8D00549B6D /* Preview Assets.xcassets */,
			);
			path = "Preview Content";
			sourceTree = "<group>";
		};
		1E85172023EB906C00549B6D /* Models */ = {
			isa = PBXGroup;
			children = (
				1E85172123EB90A000549B6D /* NetworkManager.swift */,
				1E85172323EB92F600549B6D /* PostData.swift */,
			);
			path = Models;
			sourceTree = "<group>";
		};
		1E85172523EB9A9100549B6D /* Views */ = {
			isa = PBXGroup;
			children = (
				1E85171023EB8E8900549B6D /* ContentView.swift */,
				1E85172623EB9AC700549B6D /* DetailView.swift */,
			);
			path = Views;
			sourceTree = "<group>";
		};
/* End PBXGroup section */

/* Begin PBXNativeTarget section */
		1E85170823EB8E8900549B6D /* HackerNews */ = {
			isa = PBXNativeTarget;
			buildConfigurationList = 1E85171D23EB8E8D00549B6D /* Build configuration list for PBXNativeTarget "HackerNews" */;
			buildPhases = (
				1E85170523EB8E8900549B6D /* Sources */,
				1E85170623EB8E8900549B6D /* Frameworks */,
				1E85170723EB8E8900549B6D /* Resources */,
			);
			buildRules = (
			);
			dependencies = (
			);
			name = HackerNews;
			productName = HackerNews;
			productReference = 1E85170923EB8E8900549B6D /* HackerNews.app */;
			productType = "com.apple.product-type.application";
		};
/* End PBXNativeTarget section */

/* Begin PBXProject section */
		1E85170123EB8E8900549B6D /* Project object */ = {
			isa = PBXProject;
			attributes = {
				LastSwiftUpdateCheck = 1130;
				LastUpgradeCheck = 1130;
				ORGANIZATIONNAME = "Sonia Puertas Acosta";
				TargetAttributes = {
					1E85170823EB8E8900549B6D = {
						CreatedOnToolsVersion = 11.3.1;
					};
				};
			};
			buildConfigurationList = 1E85170423EB8E8900549B6D /* Build configuration list for PBXProject "HackerNews" */;
			compatibilityVersion = "Xcode 9.3";
			developmentRegion = en;
			hasScannedForEncodings = 0;
			knownRegions = (
				en,
				Base,
			);
			mainGroup = 1E85170023EB8E8900549B6D;
			productRefGroup = 1E85170A23EB8E8900549B6D /* Products */;
			projectDirPath = "";
			projectRoot = "";
			targets = (
				1E85170823EB8E8900549B6D /* HackerNews */,
			);
		};
/* End PBXProject section */

/* Begin PBXResourcesBuildPhase section */
		1E85170723EB8E8900549B6D /* Resources */ = {
			isa = PBXResourcesBuildPhase;
			buildActionMask = 2147483647;
			files = (
				1E85171923EB8E8D00549B6D /* LaunchScreen.storyboard in Resources */,
				1E85171623EB8E8D00549B6D /* Preview Assets.xcassets in Resources */,
				1E85171323EB8E8D00549B6D /* Assets.xcassets in Resources */,
			);
			runOnlyForDeploymentPostprocessing = 0;
		};
/* End PBXResourcesBuildPhase section */

/* Begin PBXSourcesBuildPhase section */
		1E85170523EB8E8900549B6D /* Sources */ = {
			isa = PBXSourcesBuildPhase;
			buildActionMask = 2147483647;
			files = (
				1E85172423EB92F600549B6D /* PostData.swift in Sources */,
				1E85172723EB9AC700549B6D /* DetailView.swift in Sources */,
				1E85172223EB90A000549B6D /* NetworkManager.swift in Sources */,
				1E85170D23EB8E8900549B6D /* AppDelegate.swift in Sources */,
				1E85170F23EB8E8900549B6D /* SceneDelegate.swift in Sources */,
				1E85171123EB8E8900549B6D /* ContentView.swift in Sources */,
			);
			runOnlyForDeploymentPostprocessing = 0;
		};
/* End PBXSourcesBuildPhase section */

/* Begin PBXVariantGroup section */
		1E85171723EB8E8D00549B6D /* LaunchScreen.storyboard */ = {
			isa = PBXVariantGroup;
			children = (
				1E85171823EB8E8D00549B6D /* Base */,
			);
			name = LaunchScreen.storyboard;
			sourceTree = "<group>";
		};
/* End PBXVariantGroup section */

/* Begin XCBuildConfiguration section */
		1E85171B23EB8E8D00549B6D /* Debug */ = {
			isa = XCBuildConfiguration;
			buildSettings = {
				ALWAYS_SEARCH_USER_PATHS = NO;
				CLANG_ANALYZER_NONNULL = YES;
				CLANG_ANALYZER_NUMBER_OBJECT_CONVERSION = YES_AGGRESSIVE;
				CLANG_CXX_LANGUAGE_STANDARD = "gnu++14";
				CLANG_CXX_LIBRARY = "libc++";
				CLANG_ENABLE_MODULES = YES;
				CLANG_ENABLE_OBJC_ARC = YES;
				CLANG_ENABLE_OBJC_WEAK = YES;
				CLANG_WARN_BLOCK_CAPTURE_AUTORELEASING = YES;
				CLANG_WARN_BOOL_CONVERSION = YES;
				CLANG_WARN_COMMA = YES;
				CLANG_WARN_CONSTANT_CONVERSION = YES;
				CLANG_WARN_DEPRECATED_OBJC_IMPLEMENTATIONS = YES;
				CLANG_WARN_DIRECT_OBJC_ISA_USAGE = YES_ERROR;
				CLANG_WARN_DOCUMENTATION_COMMENTS = YES;
				CLANG_WARN_EMPTY_BODY = YES;
				CLANG_WARN_ENUM_CONVERSION = YES;
				CLANG_WARN_INFINITE_RECURSION = YES;
				CLANG_WARN_INT_CONVERSION = YES;
				CLANG_WARN_NON_LITERAL_NULL_CONVERSION = YES;
				CLANG_WARN_OBJC_IMPLICIT_RETAIN_SELF = YES;
				CLANG_WARN_OBJC_LITERAL_CONVERSION = YES;
				CLANG_WARN_OBJC_ROOT_CLASS = YES_ERROR;
				CLANG_WARN_RANGE_LOOP_ANALYSIS = YES;
				CLANG_WARN_STRICT_PROTOTYPES = YES;
				CLANG_WARN_SUSPICIOUS_MOVE = YES;
				CLANG_WARN_UNGUARDED_AVAILABILITY = YES_AGGRESSIVE;
				CLANG_WARN_UNREACHABLE_CODE = YES;
				CLANG_WARN__DUPLICATE_METHOD_MATCH = YES;
				COPY_PHASE_STRIP = NO;
				DEBUG_INFORMATION_FORMAT = dwarf;
				ENABLE_STRICT_OBJC_MSGSEND = YES;
				ENABLE_TESTABILITY = YES;
				GCC_C_LANGUAGE_STANDARD = gnu11;
				GCC_DYNAMIC_NO_PIC = NO;
				GCC_NO_COMMON_BLOCKS = YES;
				GCC_OPTIMIZATION_LEVEL = 0;
				GCC_PREPROCESSOR_DEFINITIONS = (
					"DEBUG=1",
					"$(inherited)",
				);
				GCC_WARN_64_TO_32_BIT_CONVERSION = YES;
				GCC_WARN_ABOUT_RETURN_TYPE = YES_ERROR;
				GCC_WARN_UNDECLARED_SELECTOR = YES;
				GCC_WARN_UNINITIALIZED_AUTOS = YES_AGGRESSIVE;
				GCC_WARN_UNUSED_FUNCTION = YES;
				GCC_WARN_UNUSED_VARIABLE = YES;
				IPHONEOS_DEPLOYMENT_TARGET = 13.2;
				MTL_ENABLE_DEBUG_INFO = INCLUDE_SOURCE;
				MTL_FAST_MATH = YES;
				ONLY_ACTIVE_ARCH = YES;
				SDKROOT = iphoneos;
				SWIFT_ACTIVE_COMPILATION_CONDITIONS = DEBUG;
				SWIFT_OPTIMIZATION_LEVEL = "-Onone";
			};
			name = Debug;
		};
		1E85171C23EB8E8D00549B6D /* Release */ = {
			isa = XCBuildConfiguration;
			buildSettings = {
				ALWAYS_SEARCH_USER_PATHS = NO;
				CLANG_ANALYZER_NONNULL = YES;
				CLANG_ANALYZER_NUMBER_OBJECT_CONVERSION = YES_AGGRESSIVE;
				CLANG_CXX_LANGUAGE_STANDARD = "gnu++14";
				CLANG_CXX_LIBRARY = "libc++";
				CLANG_ENABLE_MODULES = YES;
				CLANG_ENABLE_OBJC_ARC = YES;
				CLANG_ENABLE_OBJC_WEAK = YES;
				CLANG_WARN_BLOCK_CAPTURE_AUTORELEASING = YES;
				CLANG_WARN_BOOL_CONVERSION = YES;
				CLANG_WARN_COMMA = YES;
				CLANG_WARN_CONSTANT_CONVERSION = YES;
				CLANG_WARN_DEPRECATED_OBJC_IMPLEMENTATIONS = YES;
				CLANG_WARN_DIRECT_OBJC_ISA_USAGE = YES_ERROR;
				CLANG_WARN_DOCUMENTATION_COMMENTS = YES;
				CLANG_WARN_EMPTY_BODY = YES;
				CLANG_WARN_ENUM_CONVERSION = YES;
				CLANG_WARN_INFINITE_RECURSION = YES;
				CLANG_WARN_INT_CONVERSION = YES;
				CLANG_WARN_NON_LITERAL_NULL_CONVERSION = YES;
				CLANG_WARN_OBJC_IMPLICIT_RETAIN_SELF = YES;
				CLANG_WARN_OBJC_LITERAL_CONVERSION = YES;
				CLANG_WARN_OBJC_ROOT_CLASS = YES_ERROR;
				CLANG_WARN_RANGE_LOOP_ANALYSIS = YES;
				CLANG_WARN_STRICT_PROTOTYPES = YES;
				CLANG_WARN_SUSPICIOUS_MOVE = YES;
				CLANG_WARN_UNGUARDED_AVAILABILITY = YES_AGGRESSIVE;
				CLANG_WARN_UNREACHABLE_CODE = YES;
				CLANG_WARN__DUPLICATE_METHOD_MATCH = YES;
				COPY_PHASE_STRIP = NO;
				DEBUG_INFORMATION_FORMAT = "dwarf-with-dsym";
				ENABLE_NS_ASSERTIONS = NO;
				ENABLE_STRICT_OBJC_MSGSEND = YES;
				GCC_C_LANGUAGE_STANDARD = gnu11;
				GCC_NO_COMMON_BLOCKS = YES;
				GCC_WARN_64_TO_32_BIT_CONVERSION = YES;
				GCC_WARN_ABOUT_RETURN_TYPE = YES_ERROR;
				GCC_WARN_UNDECLARED_SELECTOR = YES;
				GCC_WARN_UNINITIALIZED_AUTOS = YES_AGGRESSIVE;
				GCC_WARN_UNUSED_FUNCTION = YES;
				GCC_WARN_UNUSED_VARIABLE = YES;
				IPHONEOS_DEPLOYMENT_TARGET = 13.2;
				MTL_ENABLE_DEBUG_INFO = NO;
				MTL_FAST_MATH = YES;
				SDKROOT = iphoneos;
				SWIFT_COMPILATION_MODE = wholemodule;
				SWIFT_OPTIMIZATION_LEVEL = "-O";
				VALIDATE_PRODUCT = YES;
			};
			name = Release;
		};
		1E85171E23EB8E8D00549B6D /* Debug */ = {
			isa = XCBuildConfiguration;
			buildSettings = {
				ASSETCATALOG_COMPILER_APPICON_NAME = AppIcon;
				CODE_SIGN_STYLE = Automatic;
				DEVELOPMENT_ASSET_PATHS = "\"HackerNews/Preview Content\"";
				ENABLE_PREVIEWS = YES;
				INFOPLIST_FILE = HackerNews/Info.plist;
				LD_RUNPATH_SEARCH_PATHS = (
					"$(inherited)",
					"@executable_path/Frameworks",
				);
				PRODUCT_BUNDLE_IDENTIFIER = com.soniapa.HackerNews;
				PRODUCT_NAME = "$(TARGET_NAME)";
				SWIFT_VERSION = 5.0;
				TARGETED_DEVICE_FAMILY = "1,2";
			};
			name = Debug;
		};
		1E85171F23EB8E8D00549B6D /* Release */ = {
			isa = XCBuildConfiguration;
			buildSettings = {
				ASSETCATALOG_COMPILER_APPICON_NAME = AppIcon;
				CODE_SIGN_STYLE = Automatic;
				DEVELOPMENT_ASSET_PATHS = "\"HackerNews/Preview Content\"";
				ENABLE_PREVIEWS = YES;
				INFOPLIST_FILE = HackerNews/Info.plist;
				LD_RUNPATH_SEARCH_PATHS = (
					"$(inherited)",
					"@executable_path/Frameworks",
				);
				PRODUCT_BUNDLE_IDENTIFIER = com.soniapa.HackerNews;
				PRODUCT_NAME = "$(TARGET_NAME)";
				SWIFT_VERSION = 5.0;
				TARGETED_DEVICE_FAMILY = "1,2";
			};
			name = Release;
		};
/* End XCBuildConfiguration section */

/* Begin XCConfigurationList section */
		1E85170423EB8E8900549B6D /* Build configuration list for PBXProject "HackerNews" */ = {
			isa = XCConfigurationList;
			buildConfigurations = (
				1E85171B23EB8E8D00549B6D /* Debug */,
				1E85171C23EB8E8D00549B6D /* Release */,
			);
			defaultConfigurationIsVisible = 0;
			defaultConfigurationName = Release;
		};
		1E85171D23EB8E8D00549B6D /* Build configuration list for PBXNativeTarget "HackerNews" */ = {
			isa = XCConfigurationList;
			buildConfigurations = (
				1E85171E23EB8E8D00549B6D /* Debug */,
				1E85171F23EB8E8D00549B6D /* Release */,
			);
			defaultConfigurationIsVisible = 0;
			defaultConfigurationName = Release;
		};
/* End XCConfigurationList section */
	};
	rootObject = 1E85170123EB8E8900549B6D /* Project object */;
}
